
Microsoft Visual Studio Solution File, Format Version 12.00
Project("{FAE04EC0-301F-11D3-BF4B-00C04F79EFBC}") = "WebApp", "WebApp\WebApp.csproj", "{4A68AEB8-2CCE-4693-A206-7F1B3D31D462}"
EndProject
Project("{2150E333-8FDC-42A3-9474-1A3956D46DE8}") = "!SolutionItems", "!SolutionItems", "{5F30BD6E-AE0B-4D0E-9C63-D402153C1635}"
	ProjectSection(SolutionItems) = preProject
		..\Directory.Builb.props = ..\Directory.Builb.props
		..\README.md = ..\README.md
		..\VirtualMe.pdf = ..\VirtualMe.pdf
		..\.gitignore = ..\.gitignore
		..\docker-compose.yml = ..\docker-compose.yml
		Dockerfile = Dockerfile
		.dockerignore = .dockerignore
		..\.gitlab-ci.yml = ..\.gitlab-ci.yml
	EndProjectSection
EndProject
Project("{FAE04EC0-301F-11D3-BF4B-00C04F79EFBC}") = "Core.Domain", "Core.Domain\Core.Domain.csproj", "{22882B7F-1ECA-4259-816E-576BDD6C9140}"
EndProject
Project("{FAE04EC0-301F-11D3-BF4B-00C04F79EFBC}") = "Shared.Contracts.Domain", "Shared.Contracts.Domain\Shared.Contracts.Domain.csproj", "{235405FA-DB84-4691-A46D-26C5251AD684}"
EndProject
Project("{FAE04EC0-301F-11D3-BF4B-00C04F79EFBC}") = "Core.DAL.EF", "Core.DAL.EF\Core.DAL.EF.csproj", "{4E86D420-4380-4934-BE54-030AC22C3796}"
EndProject
Project("{2150E333-8FDC-42A3-9474-1A3956D46DE8}") = "Core", "Core", "{62F04BDA-3907-44B0-8076-D4BC3E079359}"
EndProject
Project("{2150E333-8FDC-42A3-9474-1A3956D46DE8}") = "Shared", "Shared", "{D19125D4-53F7-4904-B227-C223F943AEB2}"
EndProject
Project("{FAE04EC0-301F-11D3-BF4B-00C04F79EFBC}") = "Core.Contracts.DAL", "Core.Contracts.DAL\Core.Contracts.DAL.csproj", "{4E2F17D8-222D-4791-AE40-68CDA04D193B}"
EndProject
Project("{FAE04EC0-301F-11D3-BF4B-00C04F79EFBC}") = "Shared.Contracts.DAL", "Shared.Contracts.DAL\Shared.Contracts.DAL.csproj", "{1399DE20-5E6C-4DE8-A13B-531B1056A40D}"
EndProject
Project("{FAE04EC0-301F-11D3-BF4B-00C04F79EFBC}") = "Shared.DAL.EF", "Shared.DAL.EF\Shared.DAL.EF.csproj", "{93407E98-CBD7-45F6-BCF8-1739D59EB8AA}"
EndProject
Project("{FAE04EC0-301F-11D3-BF4B-00C04F79EFBC}") = "Shared.Domain", "Shared.Domain\Shared.Domain.csproj", "{38DBE49B-4766-4F05-8587-0F5286A0CC59}"
EndProject
Project("{FAE04EC0-301F-11D3-BF4B-00C04F79EFBC}") = "Shared.Helpers", "Shared.Helpers\Shared.Helpers.csproj", "{2D5CF78A-0BD7-4491-AD6C-68E8B4386CC0}"
EndProject
Project("{FAE04EC0-301F-11D3-BF4B-00C04F79EFBC}") = "Shared.Resources", "Shared.Resources\Shared.Resources.csproj", "{0553749C-EFDD-4FFB-AD9E-A068B96E72D8}"
EndProject
Project("{FAE04EC0-301F-11D3-BF4B-00C04F79EFBC}") = "Core.Resources", "Core.Resources\Core.Resources.csproj", "{4C0C4EDD-2AA6-4B91-BB09-99FAB58F3FFC}"
EndProject
Project("{FAE04EC0-301F-11D3-BF4B-00C04F79EFBC}") = "Core.BLL", "Core.BLL\Core.BLL.csproj", "{0CFB3C67-ED72-4728-A5B4-44DF95E82384}"
EndProject
Project("{FAE04EC0-301F-11D3-BF4B-00C04F79EFBC}") = "Shared.Contracts.BLL", "Shared.Contracts.BLL\Shared.Contracts.BLL.csproj", "{F8542E3A-E244-4AD7-AEFE-66C5EE9F97DD}"
EndProject
Project("{FAE04EC0-301F-11D3-BF4B-00C04F79EFBC}") = "Shared.BLL", "Shared.BLL\Shared.BLL.csproj", "{DC7EF7AD-B9ED-41B1-A349-5EFB9CAA84D4}"
EndProject
Project("{FAE04EC0-301F-11D3-BF4B-00C04F79EFBC}") = "Core.Contracts.BLL", "Core.Contracts.BLL\Core.Contracts.BLL.csproj", "{AE57E886-F4E2-45D3-87D4-D2E634A27FA4}"
EndProject
Project("{FAE04EC0-301F-11D3-BF4B-00C04F79EFBC}") = "Core.DAL.DTO", "Core.DAL.DTO\Core.DAL.DTO.csproj", "{FF238E4D-DEE1-42ED-8CEB-2924EA298E2E}"
EndProject
Project("{FAE04EC0-301F-11D3-BF4B-00C04F79EFBC}") = "Core.BLL.DTO", "Core.BLL.DTO\Core.BLL.DTO.csproj", "{D7C92FC3-88B7-4306-992C-6DB28B393BD7}"
EndProject
Project("{FAE04EC0-301F-11D3-BF4B-00C04F79EFBC}") = "Core.DTO", "Core.DTO\Core.DTO.csproj", "{D618C9B4-67F0-4D07-8E8F-5FF97A369FD7}"
EndProject
Project("{FAE04EC0-301F-11D3-BF4B-00C04F79EFBC}") = "Helpers", "Helpers\Helpers.csproj", "{F69F72B1-8C6C-46CB-BCF1-43EAC12A4252}"
EndProject
Project("{FAE04EC0-301F-11D3-BF4B-00C04F79EFBC}") = "Shared.Test", "Shared.Test\Shared.Test.csproj", "{C67A2E79-5719-44AA-AA75-539605A0B3C1}"
EndProject
Project("{FAE04EC0-301F-11D3-BF4B-00C04F79EFBC}") = "Core.Test", "Core.Test\Core.Test.csproj", "{FF0E232D-371C-448C-85D1-E95BB6117AC8}"
EndProject
Global
	GlobalSection(SolutionConfigurationPlatforms) = preSolution
		Debug|Any CPU = Debug|Any CPU
		Release|Any CPU = Release|Any CPU
	EndGlobalSection
	GlobalSection(ProjectConfigurationPlatforms) = postSolution
		{4A68AEB8-2CCE-4693-A206-7F1B3D31D462}.Debug|Any CPU.ActiveCfg = Debug|Any CPU
		{4A68AEB8-2CCE-4693-A206-7F1B3D31D462}.Debug|Any CPU.Build.0 = Debug|Any CPU
		{4A68AEB8-2CCE-4693-A206-7F1B3D31D462}.Release|Any CPU.ActiveCfg = Release|Any CPU
		{4A68AEB8-2CCE-4693-A206-7F1B3D31D462}.Release|Any CPU.Build.0 = Release|Any CPU
		{22882B7F-1ECA-4259-816E-576BDD6C9140}.Debug|Any CPU.ActiveCfg = Debug|Any CPU
		{22882B7F-1ECA-4259-816E-576BDD6C9140}.Debug|Any CPU.Build.0 = Debug|Any CPU
		{22882B7F-1ECA-4259-816E-576BDD6C9140}.Release|Any CPU.ActiveCfg = Release|Any CPU
		{22882B7F-1ECA-4259-816E-576BDD6C9140}.Release|Any CPU.Build.0 = Release|Any CPU
		{235405FA-DB84-4691-A46D-26C5251AD684}.Debug|Any CPU.ActiveCfg = Debug|Any CPU
		{235405FA-DB84-4691-A46D-26C5251AD684}.Debug|Any CPU.Build.0 = Debug|Any CPU
		{235405FA-DB84-4691-A46D-26C5251AD684}.Release|Any CPU.ActiveCfg = Release|Any CPU
		{235405FA-DB84-4691-A46D-26C5251AD684}.Release|Any CPU.Build.0 = Release|Any CPU
		{4E86D420-4380-4934-BE54-030AC22C3796}.Debug|Any CPU.ActiveCfg = Debug|Any CPU
		{4E86D420-4380-4934-BE54-030AC22C3796}.Debug|Any CPU.Build.0 = Debug|Any CPU
		{4E86D420-4380-4934-BE54-030AC22C3796}.Release|Any CPU.ActiveCfg = Release|Any CPU
		{4E86D420-4380-4934-BE54-030AC22C3796}.Release|Any CPU.Build.0 = Release|Any CPU
		{4E2F17D8-222D-4791-AE40-68CDA04D193B}.Debug|Any CPU.ActiveCfg = Debug|Any CPU
		{4E2F17D8-222D-4791-AE40-68CDA04D193B}.Debug|Any CPU.Build.0 = Debug|Any CPU
		{4E2F17D8-222D-4791-AE40-68CDA04D193B}.Release|Any CPU.ActiveCfg = Release|Any CPU
		{4E2F17D8-222D-4791-AE40-68CDA04D193B}.Release|Any CPU.Build.0 = Release|Any CPU
		{1399DE20-5E6C-4DE8-A13B-531B1056A40D}.Debug|Any CPU.ActiveCfg = Debug|Any CPU
		{1399DE20-5E6C-4DE8-A13B-531B1056A40D}.Debug|Any CPU.Build.0 = Debug|Any CPU
		{1399DE20-5E6C-4DE8-A13B-531B1056A40D}.Release|Any CPU.ActiveCfg = Release|Any CPU
		{1399DE20-5E6C-4DE8-A13B-531B1056A40D}.Release|Any CPU.Build.0 = Release|Any CPU
		{93407E98-CBD7-45F6-BCF8-1739D59EB8AA}.Debug|Any CPU.ActiveCfg = Debug|Any CPU
		{93407E98-CBD7-45F6-BCF8-1739D59EB8AA}.Debug|Any CPU.Build.0 = Debug|Any CPU
		{93407E98-CBD7-45F6-BCF8-1739D59EB8AA}.Release|Any CPU.ActiveCfg = Release|Any CPU
		{93407E98-CBD7-45F6-BCF8-1739D59EB8AA}.Release|Any CPU.Build.0 = Release|Any CPU
		{38DBE49B-4766-4F05-8587-0F5286A0CC59}.Debug|Any CPU.ActiveCfg = Debug|Any CPU
		{38DBE49B-4766-4F05-8587-0F5286A0CC59}.Debug|Any CPU.Build.0 = Debug|Any CPU
		{38DBE49B-4766-4F05-8587-0F5286A0CC59}.Release|Any CPU.ActiveCfg = Release|Any CPU
		{38DBE49B-4766-4F05-8587-0F5286A0CC59}.Release|Any CPU.Build.0 = Release|Any CPU
		{2D5CF78A-0BD7-4491-AD6C-68E8B4386CC0}.Debug|Any CPU.ActiveCfg = Debug|Any CPU
		{2D5CF78A-0BD7-4491-AD6C-68E8B4386CC0}.Debug|Any CPU.Build.0 = Debug|Any CPU
		{2D5CF78A-0BD7-4491-AD6C-68E8B4386CC0}.Release|Any CPU.ActiveCfg = Release|Any CPU
		{2D5CF78A-0BD7-4491-AD6C-68E8B4386CC0}.Release|Any CPU.Build.0 = Release|Any CPU
		{0553749C-EFDD-4FFB-AD9E-A068B96E72D8}.Debug|Any CPU.ActiveCfg = Debug|Any CPU
		{0553749C-EFDD-4FFB-AD9E-A068B96E72D8}.Debug|Any CPU.Build.0 = Debug|Any CPU
		{0553749C-EFDD-4FFB-AD9E-A068B96E72D8}.Release|Any CPU.ActiveCfg = Release|Any CPU
		{0553749C-EFDD-4FFB-AD9E-A068B96E72D8}.Release|Any CPU.Build.0 = Release|Any CPU
		{4C0C4EDD-2AA6-4B91-BB09-99FAB58F3FFC}.Debug|Any CPU.ActiveCfg = Debug|Any CPU
		{4C0C4EDD-2AA6-4B91-BB09-99FAB58F3FFC}.Debug|Any CPU.Build.0 = Debug|Any CPU
		{4C0C4EDD-2AA6-4B91-BB09-99FAB58F3FFC}.Release|Any CPU.ActiveCfg = Release|Any CPU
		{4C0C4EDD-2AA6-4B91-BB09-99FAB58F3FFC}.Release|Any CPU.Build.0 = Release|Any CPU
		{0CFB3C67-ED72-4728-A5B4-44DF95E82384}.Debug|Any CPU.ActiveCfg = Debug|Any CPU
		{0CFB3C67-ED72-4728-A5B4-44DF95E82384}.Debug|Any CPU.Build.0 = Debug|Any CPU
		{0CFB3C67-ED72-4728-A5B4-44DF95E82384}.Release|Any CPU.ActiveCfg = Release|Any CPU
		{0CFB3C67-ED72-4728-A5B4-44DF95E82384}.Release|Any CPU.Build.0 = Release|Any CPU
		{F8542E3A-E244-4AD7-AEFE-66C5EE9F97DD}.Debug|Any CPU.ActiveCfg = Debug|Any CPU
		{F8542E3A-E244-4AD7-AEFE-66C5EE9F97DD}.Debug|Any CPU.Build.0 = Debug|Any CPU
		{F8542E3A-E244-4AD7-AEFE-66C5EE9F97DD}.Release|Any CPU.ActiveCfg = Release|Any CPU
		{F8542E3A-E244-4AD7-AEFE-66C5EE9F97DD}.Release|Any CPU.Build.0 = Release|Any CPU
		{DC7EF7AD-B9ED-41B1-A349-5EFB9CAA84D4}.Debug|Any CPU.ActiveCfg = Debug|Any CPU
		{DC7EF7AD-B9ED-41B1-A349-5EFB9CAA84D4}.Debug|Any CPU.Build.0 = Debug|Any CPU
		{DC7EF7AD-B9ED-41B1-A349-5EFB9CAA84D4}.Release|Any CPU.ActiveCfg = Release|Any CPU
		{DC7EF7AD-B9ED-41B1-A349-5EFB9CAA84D4}.Release|Any CPU.Build.0 = Release|Any CPU
		{AE57E886-F4E2-45D3-87D4-D2E634A27FA4}.Debug|Any CPU.ActiveCfg = Debug|Any CPU
		{AE57E886-F4E2-45D3-87D4-D2E634A27FA4}.Debug|Any CPU.Build.0 = Debug|Any CPU
		{AE57E886-F4E2-45D3-87D4-D2E634A27FA4}.Release|Any CPU.ActiveCfg = Release|Any CPU
		{AE57E886-F4E2-45D3-87D4-D2E634A27FA4}.Release|Any CPU.Build.0 = Release|Any CPU
		{FF238E4D-DEE1-42ED-8CEB-2924EA298E2E}.Debug|Any CPU.ActiveCfg = Debug|Any CPU
		{FF238E4D-DEE1-42ED-8CEB-2924EA298E2E}.Debug|Any CPU.Build.0 = Debug|Any CPU
		{FF238E4D-DEE1-42ED-8CEB-2924EA298E2E}.Release|Any CPU.ActiveCfg = Release|Any CPU
		{FF238E4D-DEE1-42ED-8CEB-2924EA298E2E}.Release|Any CPU.Build.0 = Release|Any CPU
		{D7C92FC3-88B7-4306-992C-6DB28B393BD7}.Debug|Any CPU.ActiveCfg = Debug|Any CPU
		{D7C92FC3-88B7-4306-992C-6DB28B393BD7}.Debug|Any CPU.Build.0 = Debug|Any CPU
		{D7C92FC3-88B7-4306-992C-6DB28B393BD7}.Release|Any CPU.ActiveCfg = Release|Any CPU
		{D7C92FC3-88B7-4306-992C-6DB28B393BD7}.Release|Any CPU.Build.0 = Release|Any CPU
		{D618C9B4-67F0-4D07-8E8F-5FF97A369FD7}.Debug|Any CPU.ActiveCfg = Debug|Any CPU
		{D618C9B4-67F0-4D07-8E8F-5FF97A369FD7}.Debug|Any CPU.Build.0 = Debug|Any CPU
		{D618C9B4-67F0-4D07-8E8F-5FF97A369FD7}.Release|Any CPU.ActiveCfg = Release|Any CPU
		{D618C9B4-67F0-4D07-8E8F-5FF97A369FD7}.Release|Any CPU.Build.0 = Release|Any CPU
		{F69F72B1-8C6C-46CB-BCF1-43EAC12A4252}.Debug|Any CPU.ActiveCfg = Debug|Any CPU
		{F69F72B1-8C6C-46CB-BCF1-43EAC12A4252}.Debug|Any CPU.Build.0 = Debug|Any CPU
		{F69F72B1-8C6C-46CB-BCF1-43EAC12A4252}.Release|Any CPU.ActiveCfg = Release|Any CPU
		{F69F72B1-8C6C-46CB-BCF1-43EAC12A4252}.Release|Any CPU.Build.0 = Release|Any CPU
		{C67A2E79-5719-44AA-AA75-539605A0B3C1}.Debug|Any CPU.ActiveCfg = Debug|Any CPU
		{C67A2E79-5719-44AA-AA75-539605A0B3C1}.Debug|Any CPU.Build.0 = Debug|Any CPU
		{C67A2E79-5719-44AA-AA75-539605A0B3C1}.Release|Any CPU.ActiveCfg = Release|Any CPU
		{C67A2E79-5719-44AA-AA75-539605A0B3C1}.Release|Any CPU.Build.0 = Release|Any CPU
		{FF0E232D-371C-448C-85D1-E95BB6117AC8}.Debug|Any CPU.ActiveCfg = Debug|Any CPU
		{FF0E232D-371C-448C-85D1-E95BB6117AC8}.Debug|Any CPU.Build.0 = Debug|Any CPU
		{FF0E232D-371C-448C-85D1-E95BB6117AC8}.Release|Any CPU.ActiveCfg = Release|Any CPU
		{FF0E232D-371C-448C-85D1-E95BB6117AC8}.Release|Any CPU.Build.0 = Release|Any CPU
	EndGlobalSection
	GlobalSection(NestedProjects) = preSolution
		{4E2F17D8-222D-4791-AE40-68CDA04D193B} = {62F04BDA-3907-44B0-8076-D4BC3E079359}
		{235405FA-DB84-4691-A46D-26C5251AD684} = {D19125D4-53F7-4904-B227-C223F943AEB2}
		{4E86D420-4380-4934-BE54-030AC22C3796} = {62F04BDA-3907-44B0-8076-D4BC3E079359}
		{22882B7F-1ECA-4259-816E-576BDD6C9140} = {62F04BDA-3907-44B0-8076-D4BC3E079359}
		{1399DE20-5E6C-4DE8-A13B-531B1056A40D} = {D19125D4-53F7-4904-B227-C223F943AEB2}
		{93407E98-CBD7-45F6-BCF8-1739D59EB8AA} = {D19125D4-53F7-4904-B227-C223F943AEB2}
		{38DBE49B-4766-4F05-8587-0F5286A0CC59} = {D19125D4-53F7-4904-B227-C223F943AEB2}
		{2D5CF78A-0BD7-4491-AD6C-68E8B4386CC0} = {D19125D4-53F7-4904-B227-C223F943AEB2}
		{0553749C-EFDD-4FFB-AD9E-A068B96E72D8} = {D19125D4-53F7-4904-B227-C223F943AEB2}
		{4C0C4EDD-2AA6-4B91-BB09-99FAB58F3FFC} = {62F04BDA-3907-44B0-8076-D4BC3E079359}
		{0CFB3C67-ED72-4728-A5B4-44DF95E82384} = {62F04BDA-3907-44B0-8076-D4BC3E079359}
		{F8542E3A-E244-4AD7-AEFE-66C5EE9F97DD} = {D19125D4-53F7-4904-B227-C223F943AEB2}
		{DC7EF7AD-B9ED-41B1-A349-5EFB9CAA84D4} = {D19125D4-53F7-4904-B227-C223F943AEB2}
		{AE57E886-F4E2-45D3-87D4-D2E634A27FA4} = {62F04BDA-3907-44B0-8076-D4BC3E079359}
		{FF238E4D-DEE1-42ED-8CEB-2924EA298E2E} = {62F04BDA-3907-44B0-8076-D4BC3E079359}
		{D7C92FC3-88B7-4306-992C-6DB28B393BD7} = {62F04BDA-3907-44B0-8076-D4BC3E079359}
		{D618C9B4-67F0-4D07-8E8F-5FF97A369FD7} = {62F04BDA-3907-44B0-8076-D4BC3E079359}
		{F69F72B1-8C6C-46CB-BCF1-43EAC12A4252} = {D19125D4-53F7-4904-B227-C223F943AEB2}
		{C67A2E79-5719-44AA-AA75-539605A0B3C1} = {D19125D4-53F7-4904-B227-C223F943AEB2}
		{FF0E232D-371C-448C-85D1-E95BB6117AC8} = {62F04BDA-3907-44B0-8076-D4BC3E079359}
	EndGlobalSection
EndGlobal
